
Microsoft Visual Studio Solution File, Format Version 12.00
# Visual Studio Version 16
VisualStudioVersion = 16.0.30717.126
MinimumVisualStudioVersion = 10.0.40219.1
Project("{FAE04EC0-301F-11D3-BF4B-00C04F79EFBC}") = "SportsEcommerce.WebUI", "SportsEcommerce.WebUI\SportsEcommerce.WebUI.csproj", "{570BAB9E-A3F1-45BC-9043-1D1819BE0061}"
EndProject
Project("{FAE04EC0-301F-11D3-BF4B-00C04F79EFBC}") = "SportsEcommerce.Domain", "SportsEcommerce.Domain\SportsEcommerce.Domain.csproj", "{D01CC95E-DAAC-4550-AA86-D179E6E32060}"
EndProject
Project("{FAE04EC0-301F-11D3-BF4B-00C04F79EFBC}") = "SportsEcommerce.UnitTests", "SportsEcommerce.UnitTests\SportsEcommerce.UnitTests.csproj", "{E50D2264-F13D-4724-8EC3-90CFF0A299FE}"
EndProject
Global
	GlobalSection(SolutionConfigurationPlatforms) = preSolution
		Debug|Any CPU = Debug|Any CPU
		Release|Any CPU = Release|Any CPU
	EndGlobalSection
	GlobalSection(ProjectConfigurationPlatforms) = postSolution
		{570BAB9E-A3F1-45BC-9043-1D1819BE0061}.Debug|Any CPU.ActiveCfg = Debug|Any CPU
		{570BAB9E-A3F1-45BC-9043-1D1819BE0061}.Debug|Any CPU.Build.0 = Debug|Any CPU
		{570BAB9E-A3F1-45BC-9043-1D1819BE0061}.Release|Any CPU.ActiveCfg = Release|Any CPU
		{570BAB9E-A3F1-45BC-9043-1D1819BE0061}.Release|Any CPU.Build.0 = Release|Any CPU
		{D01CC95E-DAAC-4550-AA86-D179E6E32060}.Debug|Any CPU.ActiveCfg = Debug|Any CPU
		{D01CC95E-DAAC-4550-AA86-D179E6E32060}.Debug|Any CPU.Build.0 = Debug|Any CPU
		{D01CC95E-DAAC-4550-AA86-D179E6E32060}.Release|Any CPU.ActiveCfg = Release|Any CPU
		{D01CC95E-DAAC-4550-AA86-D179E6E32060}.Release|Any CPU.Build.0 = Release|Any CPU
		{E50D2264-F13D-4724-8EC3-90CFF0A299FE}.Debug|Any CPU.ActiveCfg = Debug|Any CPU
		{E50D2264-F13D-4724-8EC3-90CFF0A299FE}.Debug|Any CPU.Build.0 = Debug|Any CPU
		{E50D2264-F13D-4724-8EC3-90CFF0A299FE}.Release|Any CPU.ActiveCfg = Release|Any CPU
		{E50D2264-F13D-4724-8EC3-90CFF0A299FE}.Release|Any CPU.Build.0 = Release|Any CPU
	EndGlobalSection
	GlobalSection(SolutionProperties) = preSolution
		HideSolutionNode = FALSE
	EndGlobalSection
	GlobalSection(ExtensibilityGlobals) = postSolution
		SolutionGuid = {D3B127FB-6250-4690-B2C5-1E90CCF302C2}
	EndGlobalSection
EndGlobal
